
Microsoft Visual Studio Solution File, Format Version 12.00
# Visual Studio Version 17
VisualStudioVersion = 17.0.32126.317
MinimumVisualStudioVersion = 10.0.40219.1
Project("{9A19103F-16F7-4668-BE54-9A1E7A4F7556}") = "AoC.App", "AoC.App\AoC.App.csproj", "{C727E1D2-6FF2-4A9F-BD1A-B0C755277F47}"
EndProject
Project("{9A19103F-16F7-4668-BE54-9A1E7A4F7556}") = "AoC.Vis.App", "AoC.Vis.App\AoC.Vis.App.csproj", "{A0E6656B-8873-49AA-8A99-B9448088EB81}"
EndProject
Project("{9A19103F-16F7-4668-BE54-9A1E7A4F7556}") = "AoC.Gen", "AoC.Gen\AoC.Gen.csproj", "{81BA7F2D-FFD9-4850-A341-6D97168B0138}"
EndProject
Project("{9A19103F-16F7-4668-BE54-9A1E7A4F7556}") = "AoC.Common", "AoC.Common\AoC.Common.csproj", "{C9DBB69C-55F9-46D2-9AE4-8C52DF4BCC78}"
EndProject
Project("{FAE04EC0-301F-11D3-BF4B-00C04F79EFBC}") = "AoC.Api", "AoC.Api\AoC.Api.csproj", "{3153898E-4861-441C-8202-5CF107923559}"
EndProject
Global
	GlobalSection(SolutionConfigurationPlatforms) = preSolution
		Debug|Any CPU = Debug|Any CPU
		Release|Any CPU = Release|Any CPU
	EndGlobalSection
	GlobalSection(ProjectConfigurationPlatforms) = postSolution
		{C727E1D2-6FF2-4A9F-BD1A-B0C755277F47}.Debug|Any CPU.ActiveCfg = Debug|Any CPU
		{C727E1D2-6FF2-4A9F-BD1A-B0C755277F47}.Debug|Any CPU.Build.0 = Debug|Any CPU
		{C727E1D2-6FF2-4A9F-BD1A-B0C755277F47}.Release|Any CPU.ActiveCfg = Release|Any CPU
		{C727E1D2-6FF2-4A9F-BD1A-B0C755277F47}.Release|Any CPU.Build.0 = Release|Any CPU
		{A0E6656B-8873-49AA-8A99-B9448088EB81}.Debug|Any CPU.ActiveCfg = Debug|Any CPU
		{A0E6656B-8873-49AA-8A99-B9448088EB81}.Debug|Any CPU.Build.0 = Debug|Any CPU
		{A0E6656B-8873-49AA-8A99-B9448088EB81}.Release|Any CPU.ActiveCfg = Release|Any CPU
		{A0E6656B-8873-49AA-8A99-B9448088EB81}.Release|Any CPU.Build.0 = Release|Any CPU
		{81BA7F2D-FFD9-4850-A341-6D97168B0138}.Debug|Any CPU.ActiveCfg = Debug|Any CPU
		{81BA7F2D-FFD9-4850-A341-6D97168B0138}.Debug|Any CPU.Build.0 = Debug|Any CPU
		{81BA7F2D-FFD9-4850-A341-6D97168B0138}.Release|Any CPU.ActiveCfg = Release|Any CPU
		{81BA7F2D-FFD9-4850-A341-6D97168B0138}.Release|Any CPU.Build.0 = Release|Any CPU
		{C9DBB69C-55F9-46D2-9AE4-8C52DF4BCC78}.Debug|Any CPU.ActiveCfg = Debug|Any CPU
		{C9DBB69C-55F9-46D2-9AE4-8C52DF4BCC78}.Debug|Any CPU.Build.0 = Debug|Any CPU
		{C9DBB69C-55F9-46D2-9AE4-8C52DF4BCC78}.Release|Any CPU.ActiveCfg = Release|Any CPU
		{C9DBB69C-55F9-46D2-9AE4-8C52DF4BCC78}.Release|Any CPU.Build.0 = Release|Any CPU
		{3153898E-4861-441C-8202-5CF107923559}.Debug|Any CPU.ActiveCfg = Debug|Any CPU
		{3153898E-4861-441C-8202-5CF107923559}.Debug|Any CPU.Build.0 = Debug|Any CPU
		{3153898E-4861-441C-8202-5CF107923559}.Release|Any CPU.ActiveCfg = Release|Any CPU
		{3153898E-4861-441C-8202-5CF107923559}.Release|Any CPU.Build.0 = Release|Any CPU
	EndGlobalSection
	GlobalSection(SolutionProperties) = preSolution
		HideSolutionNode = FALSE
	EndGlobalSection
	GlobalSection(ExtensibilityGlobals) = postSolution
		SolutionGuid = {DAD3F3EF-AE70-40AE-B223-A396BBDA201B}
	EndGlobalSection
EndGlobal
